{
  "name": "dsh-runbox",
  "version": "0.0.0",
  "lockfileVersion": 3,
  "requires": true,
  "packages": {
    "": {
      "name": "dsh-runbox",
      "version": "0.0.0",
      "license": "MIT",
      "workspaces": [
        "packages/*"
      ],
      "devDependencies": {
        "@deepseek-ai/cordis": "^4.0.2",
        "@deepseek-ai/dsh-brand": "^0.0.1-rc.1",
        "@deepseek-ai/dsh-invariants": "^0.0.1-rc.1",
        "@deepseek-ai/dsh-settings": "^0.0.1-rc.1",
        "@deepseek-ai/dsh-subprocess": "^0.0.1-rc.1",
        "@types/node": "^22.10.2",
        "typescript": "^5.7.2"
      },
      "engines": {
        "node": ">=22"
      }
    },
    "node_modules/@deepseek-ai/cordis": {
      "version": "4.0.2",
      "resolved": "https://registry.npmjs.org/@deepseek-ai/cordis/-/cordis-4.0.2.tgz",
      "integrity": "sha512-asOnXP1TzFSFQlHb1iegDZp0z/8WD1c7YNrwJR/Tx2bzNuMXfcekE/I67Iv6SQXeLB4csxqCngzQKANP7gdw0g==",
      "dev": true,
      "license": "MIT",
      "dependencies": {
        "@deepseek-ai/cosmokit": "^1.8.3",
        "@standard-schema/spec": "^1.1.0"
      },
      "bin": {
        "cordis": "bin.js"
      },
      "peerDependencies": {
        "@deepseek-ai/cordis-plugin-include": "^1.0.7",
        "@deepseek-ai/cordis-plugin-loader": "^1.0.3"
      },
      "peerDependenciesMeta": {
        "@deepseek-ai/cordis-plugin-include": {
          "optional": true
        },
        "@deepseek-ai/cordis-plugin-loader": {
          "optional": true
        }
      }
    },
    "node_modules/@deepseek-ai/cosmokit": {
      "version": "1.8.3",
      "resolved": "https://registry.npmjs.org/@deepseek-ai/cosmokit/-/cosmokit-1.8.3.tgz",
      "integrity": "sha512-qBo+ronVM6Eu2WNVJXi8JcMiqZ19T9BRIpV+5qJUFPXjGH/Z0QKcQMC/IZJ7L394YTOtJgcovbk9qP0w2GsBXQ==",
      "license": "MIT"
    },
    "node_modules/@deepseek-ai/dsh-brand": {
      "version": "0.0.1-rc.1",
      "resolved": "https://registry.npmjs.org/@deepseek-ai/dsh-brand/-/dsh-brand-0.0.1-rc.1.tgz",
      "integrity": "sha512-XhwNAugG/baCVA+BMMvjihYi9XMLcDUew3G63i+ATWIZCvpx8CghbgcV93DEeMH2sqhNuQAssmHgXkpRld3gyQ==",
      "dev": true,
      "license": "BSD-3-Clause",
      "peerDependencies": {
        "@deepseek-ai/cordis": "^4.0.1-rc.1",
        "@deepseek-ai/dsh-invariants": "^0.0.1-rc.1"
      }
    },
    "node_modules/@deepseek-ai/dsh-fs": {
      "version": "0.0.1-rc.1",
      "resolved": "https://registry.npmjs.org/@deepseek-ai/dsh-fs/-/dsh-fs-0.0.1-rc.1.tgz",
      "integrity": "sha512-fimEooSQ+0DnISr+ajoSBjMmgIjxmlbhMC6+uMJ94aBRXMawhR7LnMYH3/hELdn9n9jNUYvoyy3yVPBNAdkzug==",
      "license": "BSD-3-Clause",
      "peerDependencies": {
        "@deepseek-ai/cordis": "^4.0.1-rc.1",
        "@deepseek-ai/dsh-brand": "^0.0.1-rc.1",
        "@deepseek-ai/dsh-invariants": "^0.0.1-rc.1",
        "@deepseek-ai/dsh-llm": "^0.0.1-rc.1",
        "@deepseek-ai/dsh-sandbox": "^0.0.1-rc.1"
      }
    },
    "node_modules/@deepseek-ai/dsh-invariants": {
      "version": "0.0.1-rc.1",
      "resolved": "https://registry.npmjs.org/@deepseek-ai/dsh-invariants/-/dsh-invariants-0.0.1-rc.1.tgz",
      "integrity": "sha512-ZoGCGColviu3Tkdnv9hMkgBE4eg0hAz5GXR/knqRf7mJUeBlTCya2dIckYlqekYmp5L+1AeWxf9j+Lv1YRcvXw==",
      "dev": true,
      "license": "BSD-3-Clause",
      "dependencies": {
        "@deepseek-ai/schemastery": "^3.18.1-rc.1"
      },
      "peerDependencies": {
        "@deepseek-ai/cordis": "^4.0.1-rc.1"
      }
    },
    "node_modules/@deepseek-ai/dsh-jobs": {
      "version": "0.0.1-rc.3",
      "resolved": "https://registry.npmjs.org/@deepseek-ai/dsh-jobs/-/dsh-jobs-0.0.1-rc.3.tgz",
      "integrity": "sha512-f7QSJ28Vd8TS8mplOuYkIv9soSGSP4aqqOK/3lD9YCTWpgF8XfkHVYp+QlvIrOpV4f872522ilTaLBaruVe3QQ==",
      "license": "BSD-3-Clause",
      "peerDependencies": {
        "@deepseek-ai/cordis": "^4.0.1-rc.1",
        "@deepseek-ai/dsh-agent": "^0.0.1-rc.3",
        "@deepseek-ai/dsh-brand": "^0.0.1-rc.3",
        "@deepseek-ai/dsh-invariants": "^0.0.1-rc.3",
        "@deepseek-ai/dsh-session": "^0.0.1-rc.3"
      }
    },
    "node_modules/@deepseek-ai/dsh-sandbox": {
      "version": "0.0.1-rc.1",
      "resolved": "https://registry.npmjs.org/@deepseek-ai/dsh-sandbox/-/dsh-sandbox-0.0.1-rc.1.tgz",
      "integrity": "sha512-ODvidnIf3Yj6I3AfF8nwNoEnhyIPqou22YvGiI9NfjMakE/YlM8FNviefqiQLURjJoDwNEUhzzyGX7gJD5MXSQ==",
      "license": "BSD-3-Clause",
      "peerDependencies": {
        "@deepseek-ai/cordis": "^4.0.1-rc.1",
        "@deepseek-ai/dsh-invariants": "^0.0.1-rc.1",
        "@deepseek-ai/dsh-llm": "^0.0.1-rc.1",
        "@deepseek-ai/dsh-session": "^0.0.1-rc.1"
      }
    },
    "node_modules/@deepseek-ai/dsh-sandbox-policy": {
      "version": "0.0.1-rc.1",
      "resolved": "https://registry.npmjs.org/@deepseek-ai/dsh-sandbox-policy/-/dsh-sandbox-policy-0.0.1-rc.1.tgz",
      "integrity": "sha512-M1zE20FPN+C4nYQUYbgdfdZiKkqdHSTqRkOGDJFPt/ru0GrKtkyyU8DKFeEa9Q34xPdPMHpeMrmZ+5oGilU+QA==",
      "license": "BSD-3-Clause",
      "dependencies": {
        "@deepseek-ai/schemastery": "^3.18.1-rc.1"
      },
      "peerDependencies": {
        "@deepseek-ai/cordis": "^4.0.1-rc.1",
        "@deepseek-ai/dsh-agent": "^0.0.1-rc.1",
        "@deepseek-ai/dsh-invariants": "^0.0.1-rc.1",
        "@deepseek-ai/dsh-sandbox": "^0.0.1-rc.1",
        "@deepseek-ai/dsh-session": "^0.0.1-rc.1",
        "@deepseek-ai/dsh-system-prompt": "^0.0.1-rc.1"
      }
    },
    "node_modules/@deepseek-ai/dsh-settings": {
      "version": "0.0.1-rc.1",
      "resolved": "https://registry.npmjs.org/@deepseek-ai/dsh-settings/-/dsh-settings-0.0.1-rc.1.tgz",
      "integrity": "sha512-d9emtO/X85topSqK3ZLaRtA0Sktbdg0DlObvQ9aKeEIzc6lsFgSulMxE68qGRSIGN7fDU8YNlXu4M7vKqmwisg==",
      "dev": true,
      "license": "BSD-3-Clause",
      "peerDependencies": {
        "@deepseek-ai/cordis": "^4.0.1-rc.1",
        "@deepseek-ai/dsh-brand": "^0.0.1-rc.1",
        "@deepseek-ai/dsh-invariants": "^0.0.1-rc.1",
        "@deepseek-ai/schemastery": "^3.18.1-rc.1"
      }
    },
    "node_modules/@deepseek-ai/dsh-shell": {
      "version": "0.0.1-rc.5",
      "resolved": "https://registry.npmjs.org/@deepseek-ai/dsh-shell/-/dsh-shell-0.0.1-rc.5.tgz",
      "integrity": "sha512-j95ciGkQPX+RkLyA+rSG2AvZH4F2UpklvcQB9ELjQKvBM6qHUYYBGwelWbMP99KSf9iCvsWARBfy+r9TR1UJEw==",
      "license": "BSD-3-Clause",
      "peerDependencies": {
        "@deepseek-ai/cordis": "^4.0.1-rc.4",
        "@deepseek-ai/dsh-invariants": "^0.0.1-rc.5",
        "@deepseek-ai/dsh-sandbox": "^0.0.1-rc.5",
        "@deepseek-ai/dsh-settings": "^0.0.1-rc.5",
        "@deepseek-ai/dsh-subprocess": "^0.0.1-rc.5"
      }
    },
    "node_modules/@deepseek-ai/dsh-subprocess": {
      "version": "0.0.1-rc.1",
      "resolved": "https://registry.npmjs.org/@deepseek-ai/dsh-subprocess/-/dsh-subprocess-0.0.1-rc.1.tgz",
      "integrity": "sha512-exYWSwVuLM97VYgBeb+AgyArlRbBJ3wslSwO7IOyYd1ncqVcNSvyXQS1ACjcEVftUa1uycfZnUqX8wL//q2yMw==",
      "license": "BSD-3-Clause",
      "peerDependencies": {
        "@deepseek-ai/cordis": "^4.0.1-rc.1",
        "@deepseek-ai/dsh-invariants": "^0.0.1-rc.1"
      }
    },
    "node_modules/@deepseek-ai/dsh-terminal": {
      "version": "0.0.1-rc.3",
      "resolved": "https://registry.npmjs.org/@deepseek-ai/dsh-terminal/-/dsh-terminal-0.0.1-rc.3.tgz",
      "integrity": "sha512-EpTuSB3EhR4jJre3ADwSUon1cODf+WC1JSj/Kr+uzh9dozCr7iTPu7lf/HLnlmljgw7v0ntQ/19AFIS0CMUjyQ==",
      "license": "BSD-3-Clause",
      "peerDependencies": {
        "@deepseek-ai/cordis": "^4.0.1-rc.1",
        "@deepseek-ai/dsh-agent": "^0.0.1-rc.3",
        "@deepseek-ai/dsh-brand": "^0.0.1-rc.3",
        "@deepseek-ai/dsh-invariants": "^0.0.1-rc.3"
      }
    },
    "node_modules/@deepseek-ai/schemastery": {
      "version": "3.18.2",
      "resolved": "https://registry.npmjs.org/@deepseek-ai/schemastery/-/schemastery-3.18.2.tgz",
      "integrity": "sha512-njDtZsznjYxok7KLLlHOPyuv2efdWVbSflAHgztSfbMsg+CVraEoRe2DjOCgClYv3ZCSm7WXoaUkbB/+RY7tWQ==",
      "license": "MIT",
      "dependencies": {
        "@deepseek-ai/cosmokit": "^1.8.3",
        "@standard-schema/spec": "^1.1.0"
      }
    },
    "node_modules/@dsh-runbox/backend-docker": {
      "resolved": "packages/backend-docker",
      "link": true
    },
    "node_modules/@dsh-runbox/conformance": {
      "resolved": "packages/conformance",
      "link": true
    },
    "node_modules/@dsh-runbox/core": {
      "resolved": "packages/core",
      "link": true
    },
    "node_modules/@dsh-runbox/provider-fs": {
      "resolved": "packages/provider-fs",
      "link": true
    },
    "node_modules/@dsh-runbox/provider-jobs": {
      "resolved": "packages/provider-jobs",
      "link": true
    },
    "node_modules/@dsh-runbox/provider-shell": {
      "resolved": "packages/provider-shell",
      "link": true
    },
    "node_modules/@dsh-runbox/provider-subprocess": {
      "resolved": "packages/provider-subprocess",
      "link": true
    },
    "node_modules/@dsh-runbox/provider-terminal": {
      "resolved": "packages/provider-terminal",
      "link": true
    },
    "node_modules/@dsh-runbox/sandbox-bridge": {
      "resolved": "packages/sandbox-bridge",
      "link": true
    },
    "node_modules/@dsh-runbox/ui": {
      "resolved": "packages/ui",
      "link": true
    },
    "node_modules/@standard-schema/spec": {
      "version": "1.1.0",
      "resolved": "https://registry.npmjs.org/@standard-schema/spec/-/spec-1.1.0.tgz",
      "integrity": "sha512-l2aFy5jALhniG5HgqrD6jXLi/rUWrKvqN/qJx6yoJsgKhblVd+iqqU4RCXavm/jPityDo5TCvKMnpjKnOriy0w==",
      "license": "MIT"
    },
    "node_modules/@types/node": {
      "version": "22.20.2",
      "resolved": "https://registry.npmjs.org/@types/node/-/node-22.20.2.tgz",
      "integrity": "sha512-xlvWf4Vs9n1PEVYwP1n4vvG07M6y8WgvJ2t0vbrWTmijsIHp1cS+uJ2kMIRdY3nHZK0nCYKrPeD171+SzF4/zw==",
      "dev": true,
      "license": "MIT",
      "dependencies": {
        "undici-types": "~6.21.0"
      }
    },
    "node_modules/typescript": {
      "version": "5.9.3",
      "resolved": "https://registry.npmjs.org/typescript/-/typescript-5.9.3.tgz",
      "integrity": "sha512-jl1vZzPDinLr9eUt3J/t7V6FgNEw9QjvBPdysz9KfQDD41fQrC2Y4vKQdiaUpFT4bXlb1RHhLpp8wtm6M5TgSw==",
      "dev": true,
      "license": "Apache-2.0",
      "bin": {
        "tsc": "bin/tsc",
        "tsserver": "bin/tsserver"
      },
      "engines": {
        "node": ">=14.17"
      }
    },
    "node_modules/undici-types": {
      "version": "6.21.0",
      "resolved": "https://registry.npmjs.org/undici-types/-/undici-types-6.21.0.tgz",
      "integrity": "sha512-iwDZqg0QAGrg9Rav5H4n0M64c3mkR59cJ6wQp+7C4nI0gsmExaedaYLNO44eT4AtBBwjbTiGPMlt2Md0T9H9JQ==",
      "dev": true,
      "license": "MIT"
    },
    "packages/backend-docker": {
      "name": "@dsh-runbox/backend-docker",
      "version": "0.0.0",
      "license": "MIT",
      "dependencies": {
        "@dsh-runbox/core": "0.0.0"
      },
      "devDependencies": {
        "@deepseek-ai/cordis": "^4.0.2"
      },
      "peerDependencies": {
        "@deepseek-ai/cordis": "^4.0.2"
      }
    },
    "packages/conformance": {
      "name": "@dsh-runbox/conformance",
      "version": "0.0.0",
      "license": "MIT",
      "dependencies": {
        "@dsh-runbox/backend-docker": "0.0.0",
        "@dsh-runbox/core": "0.0.0"
      },
      "devDependencies": {
        "@deepseek-ai/cordis": "^4.0.2"
      },
      "peerDependencies": {
        "@deepseek-ai/cordis": "^4.0.2"
      }
    },
    "packages/core": {
      "name": "@dsh-runbox/core",
      "version": "0.0.0",
      "license": "MIT",
      "dependencies": {
        "@deepseek-ai/dsh-sandbox": "0.0.1-rc.1"
      },
      "devDependencies": {
        "@deepseek-ai/cordis": "^4.0.2"
      },
      "peerDependencies": {
        "@deepseek-ai/cordis": "^4.0.2"
      }
    },
    "packages/provider-fs": {
      "name": "@dsh-runbox/provider-fs",
      "version": "0.0.0",
      "license": "MIT",
      "dependencies": {
        "@deepseek-ai/dsh-fs": "0.0.1-rc.1",
        "@dsh-runbox/core": "0.0.0"
      },
      "devDependencies": {
        "@deepseek-ai/cordis": "^4.0.2"
      },
      "peerDependencies": {
        "@deepseek-ai/cordis": "^4.0.2"
      }
    },
    "packages/provider-jobs": {
      "name": "@dsh-runbox/provider-jobs",
      "version": "0.0.0",
      "license": "MIT",
      "dependencies": {
        "@deepseek-ai/dsh-jobs": "0.0.1-rc.3",
        "@dsh-runbox/core": "0.0.0"
      },
      "devDependencies": {
        "@deepseek-ai/cordis": "^4.0.2"
      },
      "peerDependencies": {
        "@deepseek-ai/cordis": "^4.0.2"
      }
    },
    "packages/provider-shell": {
      "name": "@dsh-runbox/provider-shell",
      "version": "0.0.0",
      "license": "MIT",
      "dependencies": {
        "@deepseek-ai/dsh-sandbox": "0.0.1-rc.1",
        "@deepseek-ai/dsh-sandbox-policy": "0.0.1-rc.1",
        "@deepseek-ai/dsh-shell": "0.0.1-rc.5",
        "@dsh-runbox/core": "0.0.0"
      },
      "devDependencies": {
        "@deepseek-ai/cordis": "^4.0.2"
      },
      "peerDependencies": {
        "@deepseek-ai/cordis": "^4.0.2"
      }
    },
    "packages/provider-subprocess": {
      "name": "@dsh-runbox/provider-subprocess",
      "version": "0.0.0",
      "license": "MIT",
      "dependencies": {
        "@deepseek-ai/dsh-subprocess": "0.0.1-rc.1",
        "@dsh-runbox/core": "0.0.0"
      },
      "devDependencies": {
        "@deepseek-ai/cordis": "^4.0.2"
      },
      "peerDependencies": {
        "@deepseek-ai/cordis": "^4.0.2"
      }
    },
    "packages/provider-terminal": {
      "name": "@dsh-runbox/provider-terminal",
      "version": "0.0.0",
      "license": "MIT",
      "dependencies": {
        "@deepseek-ai/dsh-terminal": "0.0.1-rc.3",
        "@dsh-runbox/core": "0.0.0"
      },
      "devDependencies": {
        "@deepseek-ai/cordis": "^4.0.2"
      },
      "peerDependencies": {
        "@deepseek-ai/cordis": "^4.0.2"
      }
    },
    "packages/sandbox-bridge": {
      "name": "@dsh-runbox/sandbox-bridge",
      "version": "0.0.0",
      "license": "MIT",
      "dependencies": {
        "@deepseek-ai/dsh-sandbox-policy": "0.0.1-rc.1",
        "@dsh-runbox/core": "0.0.0"
      },
      "devDependencies": {
        "@deepseek-ai/cordis": "^4.0.2"
      },
      "peerDependencies": {
        "@deepseek-ai/cordis": "^4.0.2"
      }
    },
    "packages/ui": {
      "name": "@dsh-runbox/ui",
      "version": "0.0.0",
      "license": "MIT",
      "dependencies": {
        "@dsh-runbox/core": "0.0.0"
      },
      "devDependencies": {
        "@deepseek-ai/cordis": "^4.0.2"
      },
      "peerDependencies": {
        "@deepseek-ai/cordis": "^4.0.2"
      }
    }
  }
}
